
Microsoft Visual Studio Solution File, Format Version 12.00
# Visual Studio 15
VisualStudioVersion = 15.0.26124.0
MinimumVisualStudioVersion = 15.0.26124.0
Project("{2150E333-8FDC-42A3-9474-1A3956D46DE8}") = "src", "src", "{B83FC2A7-040B-4059-B9EB-4656F17264A2}"
EndProject
Project("{FAE04EC0-301F-11D3-BF4B-00C04F79EFBC}") = "SimpleAPI", "src\SimpleAPI\SimpleAPI.csproj", "{4C990A8C-B832-41B0-97AA-2EBFB35F528D}"
EndProject
Project("{2150E333-8FDC-42A3-9474-1A3956D46DE8}") = "Test", "Test", "{21592966-A651-47EF-8558-91CD0F3CE56C}"
EndProject
Project("{FAE04EC0-301F-11D3-BF4B-00C04F79EFBC}") = "SimpleApi.Test", "Test\SimpleApi.Test\SimpleApi.Test.csproj", "{7383451A-D87D-4DE0-995A-51839D559C50}"
EndProject
Global
	GlobalSection(SolutionConfigurationPlatforms) = preSolution
		Debug|Any CPU = Debug|Any CPU
		Debug|x64 = Debug|x64
		Debug|x86 = Debug|x86
		Release|Any CPU = Release|Any CPU
		Release|x64 = Release|x64
		Release|x86 = Release|x86
	EndGlobalSection
	GlobalSection(SolutionProperties) = preSolution
		HideSolutionNode = FALSE
	EndGlobalSection
	GlobalSection(ProjectConfigurationPlatforms) = postSolution
		{4C990A8C-B832-41B0-97AA-2EBFB35F528D}.Debug|Any CPU.ActiveCfg = Debug|Any CPU
		{4C990A8C-B832-41B0-97AA-2EBFB35F528D}.Debug|Any CPU.Build.0 = Debug|Any CPU
		{4C990A8C-B832-41B0-97AA-2EBFB35F528D}.Debug|x64.ActiveCfg = Debug|Any CPU
		{4C990A8C-B832-41B0-97AA-2EBFB35F528D}.Debug|x64.Build.0 = Debug|Any CPU
		{4C990A8C-B832-41B0-97AA-2EBFB35F528D}.Debug|x86.ActiveCfg = Debug|Any CPU
		{4C990A8C-B832-41B0-97AA-2EBFB35F528D}.Debug|x86.Build.0 = Debug|Any CPU
		{4C990A8C-B832-41B0-97AA-2EBFB35F528D}.Release|Any CPU.ActiveCfg = Release|Any CPU
		{4C990A8C-B832-41B0-97AA-2EBFB35F528D}.Release|Any CPU.Build.0 = Release|Any CPU
		{4C990A8C-B832-41B0-97AA-2EBFB35F528D}.Release|x64.ActiveCfg = Release|Any CPU
		{4C990A8C-B832-41B0-97AA-2EBFB35F528D}.Release|x64.Build.0 = Release|Any CPU
		{4C990A8C-B832-41B0-97AA-2EBFB35F528D}.Release|x86.ActiveCfg = Release|Any CPU
		{4C990A8C-B832-41B0-97AA-2EBFB35F528D}.Release|x86.Build.0 = Release|Any CPU
		{7383451A-D87D-4DE0-995A-51839D559C50}.Debug|Any CPU.ActiveCfg = Debug|Any CPU
		{7383451A-D87D-4DE0-995A-51839D559C50}.Debug|Any CPU.Build.0 = Debug|Any CPU
		{7383451A-D87D-4DE0-995A-51839D559C50}.Debug|x64.ActiveCfg = Debug|Any CPU
		{7383451A-D87D-4DE0-995A-51839D559C50}.Debug|x64.Build.0 = Debug|Any CPU
		{7383451A-D87D-4DE0-995A-51839D559C50}.Debug|x86.ActiveCfg = Debug|Any CPU
		{7383451A-D87D-4DE0-995A-51839D559C50}.Debug|x86.Build.0 = Debug|Any CPU
		{7383451A-D87D-4DE0-995A-51839D559C50}.Release|Any CPU.ActiveCfg = Release|Any CPU
		{7383451A-D87D-4DE0-995A-51839D559C50}.Release|Any CPU.Build.0 = Release|Any CPU
		{7383451A-D87D-4DE0-995A-51839D559C50}.Release|x64.ActiveCfg = Release|Any CPU
		{7383451A-D87D-4DE0-995A-51839D559C50}.Release|x64.Build.0 = Release|Any CPU
		{7383451A-D87D-4DE0-995A-51839D559C50}.Release|x86.ActiveCfg = Release|Any CPU
		{7383451A-D87D-4DE0-995A-51839D559C50}.Release|x86.Build.0 = Release|Any CPU
	EndGlobalSection
	GlobalSection(NestedProjects) = preSolution
		{4C990A8C-B832-41B0-97AA-2EBFB35F528D} = {B83FC2A7-040B-4059-B9EB-4656F17264A2}
		{7383451A-D87D-4DE0-995A-51839D559C50} = {21592966-A651-47EF-8558-91CD0F3CE56C}
	EndGlobalSection
EndGlobal
